
Microsoft Visual Studio Solution File, Format Version 12.00
# Visual Studio Version 17
VisualStudioVersion = 17.0.32126.317
MinimumVisualStudioVersion = 10.0.40219.1
Project("{9A19103F-16F7-4668-BE54-9A1E7A4F7556}") = "YaDiskBackup.Client", "src\UI\YaDiskBackup.Client\YaDiskBackup.Client.csproj", "{E96140E2-434B-4A43-9648-DF19C739A50C}"
EndProject
Project("{2150E333-8FDC-42A3-9474-1A3956D46DE8}") = "src", "src", "{05371F6B-F181-474D-9252-B60E3BEF2236}"
EndProject
Project("{2150E333-8FDC-42A3-9474-1A3956D46DE8}") = "UI", "UI", "{AE494822-E8AC-4FB5-BC11-DC8F303530AB}"
EndProject
Project("{2150E333-8FDC-42A3-9474-1A3956D46DE8}") = "Infrastructure", "Infrastructure", "{B0B4E456-E761-47B4-8193-6FBAFE07F01B}"
EndProject
Project("{9A19103F-16F7-4668-BE54-9A1E7A4F7556}") = "YaDiskBackup.Infrastructure", "src\Infrastructure\YaDiskBackup.Infrastructure\YaDiskBackup.Infrastructure.csproj", "{672F85B1-1951-4F66-86AA-D6C4ADFC2EB4}"
EndProject
Project("{2150E333-8FDC-42A3-9474-1A3956D46DE8}") = "Application", "Application", "{9FC48211-2558-46F0-A3C1-280F80CB1563}"
EndProject
Project("{FAE04EC0-301F-11D3-BF4B-00C04F79EFBC}") = "YaDiskBackup.Application", "src\Application\YaDiskBackup.Application\YaDiskBackup.Application.csproj", "{DDC0B68B-65C9-4F94-917C-3F5220A245B6}"
EndProject
Global
	GlobalSection(SolutionConfigurationPlatforms) = preSolution
		Debug|Any CPU = Debug|Any CPU
		Release|Any CPU = Release|Any CPU
	EndGlobalSection
	GlobalSection(ProjectConfigurationPlatforms) = postSolution
		{E96140E2-434B-4A43-9648-DF19C739A50C}.Debug|Any CPU.ActiveCfg = Debug|Any CPU
		{E96140E2-434B-4A43-9648-DF19C739A50C}.Debug|Any CPU.Build.0 = Debug|Any CPU
		{E96140E2-434B-4A43-9648-DF19C739A50C}.Release|Any CPU.ActiveCfg = Release|Any CPU
		{E96140E2-434B-4A43-9648-DF19C739A50C}.Release|Any CPU.Build.0 = Release|Any CPU
		{672F85B1-1951-4F66-86AA-D6C4ADFC2EB4}.Debug|Any CPU.ActiveCfg = Debug|Any CPU
		{672F85B1-1951-4F66-86AA-D6C4ADFC2EB4}.Debug|Any CPU.Build.0 = Debug|Any CPU
		{672F85B1-1951-4F66-86AA-D6C4ADFC2EB4}.Release|Any CPU.ActiveCfg = Release|Any CPU
		{672F85B1-1951-4F66-86AA-D6C4ADFC2EB4}.Release|Any CPU.Build.0 = Release|Any CPU
		{DDC0B68B-65C9-4F94-917C-3F5220A245B6}.Debug|Any CPU.ActiveCfg = Debug|Any CPU
		{DDC0B68B-65C9-4F94-917C-3F5220A245B6}.Debug|Any CPU.Build.0 = Debug|Any CPU
		{DDC0B68B-65C9-4F94-917C-3F5220A245B6}.Release|Any CPU.ActiveCfg = Release|Any CPU
		{DDC0B68B-65C9-4F94-917C-3F5220A245B6}.Release|Any CPU.Build.0 = Release|Any CPU
	EndGlobalSection
	GlobalSection(SolutionProperties) = preSolution
		HideSolutionNode = FALSE
	EndGlobalSection
	GlobalSection(NestedProjects) = preSolution
		{E96140E2-434B-4A43-9648-DF19C739A50C} = {AE494822-E8AC-4FB5-BC11-DC8F303530AB}
		{AE494822-E8AC-4FB5-BC11-DC8F303530AB} = {05371F6B-F181-474D-9252-B60E3BEF2236}
		{B0B4E456-E761-47B4-8193-6FBAFE07F01B} = {05371F6B-F181-474D-9252-B60E3BEF2236}
		{672F85B1-1951-4F66-86AA-D6C4ADFC2EB4} = {B0B4E456-E761-47B4-8193-6FBAFE07F01B}
		{9FC48211-2558-46F0-A3C1-280F80CB1563} = {05371F6B-F181-474D-9252-B60E3BEF2236}
		{DDC0B68B-65C9-4F94-917C-3F5220A245B6} = {9FC48211-2558-46F0-A3C1-280F80CB1563}
	EndGlobalSection
	GlobalSection(ExtensibilityGlobals) = postSolution
		SolutionGuid = {A65FDD89-3DEF-4DD3-8EC1-1576C98D33D9}
	EndGlobalSection
EndGlobal
